
Microsoft Visual Studio Solution File, Format Version 12.00
# Visual Studio 2013
VisualStudioVersion = 12.0.21005.1
MinimumVisualStudioVersion = 10.0.40219.1
Project("{FAE04EC0-301F-11D3-BF4B-00C04F79EFBC}") = "CamOut", "CamOut\CamOut.csproj", "{EA9B6D84-605B-4D1E-8D58-304756D4F307}"
EndProject
Global
	GlobalSection(SolutionConfigurationPlatforms) = preSolution
		Debug|Any CPU = Debug|Any CPU
		Release|Any CPU = Release|Any CPU
	EndGlobalSection
	GlobalSection(ProjectConfigurationPlatforms) = postSolution
		{EA9B6D84-605B-4D1E-8D58-304756D4F307}.Debug|Any CPU.ActiveCfg = Debug|Any CPU
		{EA9B6D84-605B-4D1E-8D58-304756D4F307}.Debug|Any CPU.Build.0 = Debug|Any CPU
		{EA9B6D84-605B-4D1E-8D58-304756D4F307}.Release|Any CPU.ActiveCfg = Release|Any CPU
		{EA9B6D84-605B-4D1E-8D58-304756D4F307}.Release|Any CPU.Build.0 = Release|Any CPU
	EndGlobalSection
	GlobalSection(SolutionProperties) = preSolution
		HideSolutionNode = FALSE
	EndGlobalSection
EndGlobal
